
Microsoft Visual Studio Solution File, Format Version 12.00
# Visual Studio Version 17
VisualStudioVersion = 17.8.34309.116
MinimumVisualStudioVersion = 10.0.40219.1
Project("{FAE04EC0-301F-11D3-BF4B-00C04F79EFBC}") = "TestRandomSelector", "TestRandomSelector\TestRandomSelector.csproj", "{3A331049-E24D-4E87-8EB5-59AC66E543F3}"
EndProject
Project("{FAE04EC0-301F-11D3-BF4B-00C04F79EFBC}") = "StudentLibrary", "StudentLibrary\StudentLibrary.csproj", "{A697E101-4974-4AA8-9131-27674E1DB13A}"
EndProject
Project("{FAE04EC0-301F-11D3-BF4B-00C04F79EFBC}") = "ConsoleTesst", "ConsoleTesst\ConsoleTesst.csproj", "{F95A2BCC-3256-44AA-91DB-000BBE57F3A2}"
EndProject
Global
	GlobalSection(SolutionConfigurationPlatforms) = preSolution
		Debug|Any CPU = Debug|Any CPU
		Release|Any CPU = Release|Any CPU
	EndGlobalSection
	GlobalSection(ProjectConfigurationPlatforms) = postSolution
		{3A331049-E24D-4E87-8EB5-59AC66E543F3}.Debug|Any CPU.ActiveCfg = Debug|Any CPU
		{3A331049-E24D-4E87-8EB5-59AC66E543F3}.Debug|Any CPU.Build.0 = Debug|Any CPU
		{3A331049-E24D-4E87-8EB5-59AC66E543F3}.Release|Any CPU.ActiveCfg = Release|Any CPU
		{3A331049-E24D-4E87-8EB5-59AC66E543F3}.Release|Any CPU.Build.0 = Release|Any CPU
		{A697E101-4974-4AA8-9131-27674E1DB13A}.Debug|Any CPU.ActiveCfg = Debug|Any CPU
		{A697E101-4974-4AA8-9131-27674E1DB13A}.Debug|Any CPU.Build.0 = Debug|Any CPU
		{A697E101-4974-4AA8-9131-27674E1DB13A}.Release|Any CPU.ActiveCfg = Release|Any CPU
		{A697E101-4974-4AA8-9131-27674E1DB13A}.Release|Any CPU.Build.0 = Release|Any CPU
		{F95A2BCC-3256-44AA-91DB-000BBE57F3A2}.Debug|Any CPU.ActiveCfg = Debug|Any CPU
		{F95A2BCC-3256-44AA-91DB-000BBE57F3A2}.Debug|Any CPU.Build.0 = Debug|Any CPU
		{F95A2BCC-3256-44AA-91DB-000BBE57F3A2}.Release|Any CPU.ActiveCfg = Release|Any CPU
		{F95A2BCC-3256-44AA-91DB-000BBE57F3A2}.Release|Any CPU.Build.0 = Release|Any CPU
	EndGlobalSection
	GlobalSection(SolutionProperties) = preSolution
		HideSolutionNode = FALSE
	EndGlobalSection
	GlobalSection(ExtensibilityGlobals) = postSolution
		SolutionGuid = {3BE3F3E4-12CC-45A4-B87A-5D2923F26A40}
	EndGlobalSection
EndGlobal
